// !$*UTF8*$!
{
	archiveVersion = 1;
	classes = {
	};
	objectVersion = 48;
	objects = {

/* Begin PBXBuildFile section */
		373C4C491FDF87A1006DDF5F /* CCLocalizedHelper.m in Sources */ = {isa = PBXBuildFile; fileRef = 373C4C471FDF87A1006DDF5F /* CCLocalizedHelper.m */; };
		373C4C571FDFC40B006DDF5F /* CCMainController.m in Sources */ = {isa = PBXBuildFile; fileRef = 373C4C561FDFC40B006DDF5F /* CCMainController.m */; };
		377DF82B1FD7A4E20054C240 /* Assets.xcassets in Resources */ = {isa = PBXBuildFile; fileRef = 377DF82A1FD7A4E20054C240 /* Assets.xcassets */; };
		377DF8311FD7A4E20054C240 /* main.m in Sources */ = {isa = PBXBuildFile; fileRef = 377DF8301FD7A4E20054C240 /* main.m */; };
		377DF8911FD8330A0054C240 /* Localizable.strings in Resources */ = {isa = PBXBuildFile; fileRef = 377DF8641FD8330A0054C240 /* Localizable.strings */; };
		377DF8921FD8330A0054C240 /* InfoPlist.strings in Resources */ = {isa = PBXBuildFile; fileRef = 377DF8661FD8330A0054C240 /* InfoPlist.strings */; };
		377DF8931FD8330A0054C240 /* ArrayItem_EN.plist in Resources */ = {isa = PBXBuildFile; fileRef = 377DF8681FD8330A0054C240 /* ArrayItem_EN.plist */; };
		377DF8941FD8330A0054C240 /* ArrayItem_CH.plist in Resources */ = {isa = PBXBuildFile; fileRef = 377DF86B1FD8330A0054C240 /* ArrayItem_CH.plist */; };
		377DF8951FD8330A0054C240 /* ic_launcher_144.png in Resources */ = {isa = PBXBuildFile; fileRef = 377DF86F1FD8330A0054C240 /* ic_launcher_144.png */; };
		377DF8961FD8330A0054C240 /* Default-568h@2x.png in Resources */ = {isa = PBXBuildFile; fileRef = 377DF8701FD8330A0054C240 /* Default-568h@2x.png */; };
		377DF8971FD8330A0054C240 /* elegant.ttf in Resources */ = {isa = PBXBuildFile; fileRef = 377DF8711FD8330A0054C240 /* elegant.ttf */; };
		377DF8981FD8330A0054C240 /* weather.otf in Resources */ = {isa = PBXBuildFile; fileRef = 377DF8721FD8330A0054C240 /* weather.otf */; };
		377DF8991FD8330A0054C240 /* Musket regular.otf in Resources */ = {isa = PBXBuildFile; fileRef = 377DF8741FD8330A0054C240 /* Musket regular.otf */; };
		377DF89A1FD8330A0054C240 /* _9.wav in Resources */ = {isa = PBXBuildFile; fileRef = 377DF8761FD8330A0054C240 /* _9.wav */; };
		377DF89B1FD8330A0054C240 /* _8.wav in Resources */ = {isa = PBXBuildFile; fileRef = 377DF8771FD8330A0054C240 /* _8.wav */; };
		377DF89C1FD8330A0054C240 /* _0.wav in Resources */ = {isa = PBXBuildFile; fileRef = 377DF8781FD8330A0054C240 /* _0.wav */; };
		377DF89D1FD8330A0054C240 /* _1.wav in Resources */ = {isa = PBXBuildFile; fileRef = 377DF8791FD8330A0054C240 /* _1.wav */; };
		377DF89E1FD8330A0054C240 /* _3.wav in Resources */ = {isa = PBXBuildFile; fileRef = 377DF87A1FD8330A0054C240 /* _3.wav */; };
		377DF89F1FD8330A0054C240 /* _2.wav in Resources */ = {isa = PBXBuildFile; fileRef = 377DF87B1FD8330A0054C240 /* _2.wav */; };
		377DF8A01FD8330A0054C240 /* _6.wav in Resources */ = {isa = PBXBuildFile; fileRef = 377DF87C1FD8330A0054C240 /* _6.wav */; };
		377DF8A11FD8330A0054C240 /* _7.wav in Resources */ = {isa = PBXBuildFile; fileRef = 377DF87D1FD8330A0054C240 /* _7.wav */; };
		377DF8A21FD8330A0054C240 /* _5.wav in Resources */ = {isa = PBXBuildFile; fileRef = 377DF87E1FD8330A0054C240 /* _5.wav */; };
		377DF8A31FD8330A0054C240 /* _4.wav in Resources */ = {isa = PBXBuildFile; fileRef = 377DF87F1FD8330A0054C240 /* _4.wav */; };
		377DF8A41FD8330A0054C240 /* CCAppDelegate.m in Sources */ = {isa = PBXBuildFile; fileRef = 377DF8821FD8330A0054C240 /* CCAppDelegate.m */; };
		377DF8A71FD8330A0054C240 /* CCBaseView.m in Sources */ = {isa = PBXBuildFile; fileRef = 377DF88C1FD8330A0054C240 /* CCBaseView.m */; };
		377DF8A81FD8330A0054C240 /* CCBaseViewController.m in Sources */ = {isa = PBXBuildFile; fileRef = 377DF88F1FD8330A0054C240 /* CCBaseViewController.m */; };
		379270581FE0C5ED0033965D /* CCAudioPreset.m in Sources */ = {isa = PBXBuildFile; fileRef = 379270571FE0C5ED0033965D /* CCAudioPreset.m */; };
		3792705B1FE0C6010033965D /* CCAudioHandler.m in Sources */ = {isa = PBXBuildFile; fileRef = 3792705A1FE0C6010033965D /* CCAudioHandler.m */; };
		379270601FE0E24C0033965D /* CCStatusBarPackager.m in Sources */ = {isa = PBXBuildFile; fileRef = 3792705F1FE0E24C0033965D /* CCStatusBarPackager.m */; };
		379270641FE0E6730033965D /* CCStatusBarController.m in Sources */ = {isa = PBXBuildFile; fileRef = 379270631FE0E6730033965D /* CCStatusBarController.m */; };
		379270681FE10EB50033965D /* CCAudioOperator.m in Sources */ = {isa = PBXBuildFile; fileRef = 379270671FE10EB50033965D /* CCAudioOperator.m */; };
		37E4D8741FDE231300DFA952 /* CCLabel.m in Sources */ = {isa = PBXBuildFile; fileRef = 37E4D8731FDE231300DFA952 /* CCLabel.m */; };
/* End PBXBuildFile section */

/* Begin PBXFileReference section */
		373C4C471FDF87A1006DDF5F /* CCLocalizedHelper.m */ = {isa = PBXFileReference; fileEncoding = 4; lastKnownFileType = sourcecode.c.objc; path = CCLocalizedHelper.m; sourceTree = "<group>"; };
		373C4C481FDF87A1006DDF5F /* CCLocalizedHelper.h */ = {isa = PBXFileReference; fileEncoding = 4; lastKnownFileType = sourcecode.c.h; path = CCLocalizedHelper.h; sourceTree = "<group>"; };
		373C4C551FDFC40B006DDF5F /* CCMainController.h */ = {isa = PBXFileReference; lastKnownFileType = sourcecode.c.h; path = CCMainController.h; sourceTree = "<group>"; };
		373C4C561FDFC40B006DDF5F /* CCMainController.m */ = {isa = PBXFileReference; lastKnownFileType = sourcecode.c.objc; path = CCMainController.m; sourceTree = "<group>"; };
		377DF8241FD7A4E20054C240 /* Rainville-mac.app */ = {isa = PBXFileReference; explicitFileType = wrapper.application; includeInIndex = 0; path = "Rainville-mac.app"; sourceTree = BUILT_PRODUCTS_DIR; };
		377DF82A1FD7A4E20054C240 /* Assets.xcassets */ = {isa = PBXFileReference; lastKnownFileType = folder.assetcatalog; path = Assets.xcassets; sourceTree = "<group>"; };
		377DF82F1FD7A4E20054C240 /* Info.plist */ = {isa = PBXFileReference; lastKnownFileType = text.plist.xml; path = Info.plist; sourceTree = "<group>"; };
		377DF8301FD7A4E20054C240 /* main.m */ = {isa = PBXFileReference; lastKnownFileType = sourcecode.c.objc; path = main.m; sourceTree = "<group>"; };
		377DF8321FD7A4E20054C240 /* Rainville_mac.entitlements */ = {isa = PBXFileReference; lastKnownFileType = text.plist.entitlements; path = Rainville_mac.entitlements; sourceTree = "<group>"; };
		377DF8651FD8330A0054C240 /* zh-Hans */ = {isa = PBXFileReference; lastKnownFileType = text.plist.strings; name = "zh-Hans"; path = "zh-Hans.lproj/Localizable.strings"; sourceTree = "<group>"; };
		377DF8671FD8330A0054C240 /* zh-Hans */ = {isa = PBXFileReference; lastKnownFileType = text.plist.strings; name = "zh-Hans"; path = "zh-Hans.lproj/InfoPlist.strings"; sourceTree = "<group>"; };
		377DF8681FD8330A0054C240 /* ArrayItem_EN.plist */ = {isa = PBXFileReference; fileEncoding = 4; lastKnownFileType = text.plist.xml; path = ArrayItem_EN.plist; sourceTree = "<group>"; };
		377DF8691FD8330A0054C240 /* en */ = {isa = PBXFileReference; lastKnownFileType = text.plist.strings; name = en; path = en.lproj/Localizable.strings; sourceTree = "<group>"; };
		377DF86A1FD8330A0054C240 /* en */ = {isa = PBXFileReference; lastKnownFileType = text.plist.strings; name = en; path = en.lproj/InfoPlist.strings; sourceTree = "<group>"; };
		377DF86B1FD8330A0054C240 /* ArrayItem_CH.plist */ = {isa = PBXFileReference; fileEncoding = 4; lastKnownFileType = text.plist.xml; path = ArrayItem_CH.plist; sourceTree = "<group>"; };
		377DF86C1FD8330A0054C240 /* Base */ = {isa = PBXFileReference; lastKnownFileType = text.plist.strings; name = Base; path = Base.lproj/Localizable.strings; sourceTree = "<group>"; };
		377DF86D1FD8330A0054C240 /* Base */ = {isa = PBXFileReference; lastKnownFileType = text.plist.strings; name = Base; path = Base.lproj/InfoPlist.strings; sourceTree = "<group>"; };
		377DF86F1FD8330A0054C240 /* ic_launcher_144.png */ = {isa = PBXFileReference; lastKnownFileType = image.png; path = ic_launcher_144.png; sourceTree = "<group>"; };
		377DF8701FD8330A0054C240 /* Default-568h@2x.png */ = {isa = PBXFileReference; lastKnownFileType = image.png; path = "Default-568h@2x.png"; sourceTree = "<group>"; };
		377DF8711FD8330A0054C240 /* elegant.ttf */ = {isa = PBXFileReference; lastKnownFileType = file; path = elegant.ttf; sourceTree = "<group>"; };
		377DF8721FD8330A0054C240 /* weather.otf */ = {isa = PBXFileReference; lastKnownFileType = file; path = weather.otf; sourceTree = "<group>"; };
		377DF8741FD8330A0054C240 /* Musket regular.otf */ = {isa = PBXFileReference; lastKnownFileType = file; path = "Musket regular.otf"; sourceTree = "<group>"; };
		377DF8761FD8330A0054C240 /* _9.wav */ = {isa = PBXFileReference; lastKnownFileType = audio.wav; path = _9.wav; sourceTree = "<group>"; };
		377DF8771FD8330A0054C240 /* _8.wav */ = {isa = PBXFileReference; lastKnownFileType = audio.wav; path = _8.wav; sourceTree = "<group>"; };
		377DF8781FD8330A0054C240 /* _0.wav */ = {isa = PBXFileReference; lastKnownFileType = audio.wav; path = _0.wav; sourceTree = "<group>"; };
		377DF8791FD8330A0054C240 /* _1.wav */ = {isa = PBXFileReference; lastKnownFileType = audio.wav; path = _1.wav; sourceTree = "<group>"; };
		377DF87A1FD8330A0054C240 /* _3.wav */ = {isa = PBXFileReference; lastKnownFileType = audio.wav; path = _3.wav; sourceTree = "<group>"; };
		377DF87B1FD8330A0054C240 /* _2.wav */ = {isa = PBXFileReference; lastKnownFileType = audio.wav; path = _2.wav; sourceTree = "<group>"; };
		377DF87C1FD8330A0054C240 /* _6.wav */ = {isa = PBXFileReference; lastKnownFileType = audio.wav; path = _6.wav; sourceTree = "<group>"; };
		377DF87D1FD8330A0054C240 /* _7.wav */ = {isa = PBXFileReference; lastKnownFileType = audio.wav; path = _7.wav; sourceTree = "<group>"; };
		377DF87E1FD8330A0054C240 /* _5.wav */ = {isa = PBXFileReference; lastKnownFileType = audio.wav; path = _5.wav; sourceTree = "<group>"; };
		377DF87F1FD8330A0054C240 /* _4.wav */ = {isa = PBXFileReference; lastKnownFileType = audio.wav; path = _4.wav; sourceTree = "<group>"; };
		377DF8811FD8330A0054C240 /* CCAppDelegate.h */ = {isa = PBXFileReference; fileEncoding = 4; lastKnownFileType = sourcecode.c.h; path = CCAppDelegate.h; sourceTree = "<group>"; };
		377DF8821FD8330A0054C240 /* CCAppDelegate.m */ = {isa = PBXFileReference; fileEncoding = 4; lastKnownFileType = sourcecode.c.objc; path = CCAppDelegate.m; sourceTree = "<group>"; };
		377DF88C1FD8330A0054C240 /* CCBaseView.m */ = {isa = PBXFileReference; fileEncoding = 4; lastKnownFileType = sourcecode.c.objc; path = CCBaseView.m; sourceTree = "<group>"; };
		377DF88D1FD8330A0054C240 /* CCBaseView.h */ = {isa = PBXFileReference; fileEncoding = 4; lastKnownFileType = sourcecode.c.h; path = CCBaseView.h; sourceTree = "<group>"; };
		377DF88F1FD8330A0054C240 /* CCBaseViewController.m */ = {isa = PBXFileReference; fileEncoding = 4; lastKnownFileType = sourcecode.c.objc; path = CCBaseViewController.m; sourceTree = "<group>"; };
		377DF8901FD8330A0054C240 /* CCBaseViewController.h */ = {isa = PBXFileReference; fileEncoding = 4; lastKnownFileType = sourcecode.c.h; path = CCBaseViewController.h; sourceTree = "<group>"; };
		379270561FE0C5ED0033965D /* CCAudioPreset.h */ = {isa = PBXFileReference; fileEncoding = 4; lastKnownFileType = sourcecode.c.h; path = CCAudioPreset.h; sourceTree = "<group>"; };
		379270571FE0C5ED0033965D /* CCAudioPreset.m */ = {isa = PBXFileReference; fileEncoding = 4; lastKnownFileType = sourcecode.c.objc; path = CCAudioPreset.m; sourceTree = "<group>"; };
		379270591FE0C6010033965D /* CCAudioHandler.h */ = {isa = PBXFileReference; lastKnownFileType = sourcecode.c.h; path = CCAudioHandler.h; sourceTree = "<group>"; };
		3792705A1FE0C6010033965D /* CCAudioHandler.m */ = {isa = PBXFileReference; lastKnownFileType = sourcecode.c.objc; path = CCAudioHandler.m; sourceTree = "<group>"; };
		3792705E1FE0E24C0033965D /* CCStatusBarPackager.h */ = {isa = PBXFileReference; lastKnownFileType = sourcecode.c.h; path = CCStatusBarPackager.h; sourceTree = "<group>"; };
		3792705F1FE0E24C0033965D /* CCStatusBarPackager.m */ = {isa = PBXFileReference; lastKnownFileType = sourcecode.c.objc; path = CCStatusBarPackager.m; sourceTree = "<group>"; };
		379270621FE0E6730033965D /* CCStatusBarController.h */ = {isa = PBXFileReference; lastKnownFileType = sourcecode.c.h; path = CCStatusBarController.h; sourceTree = "<group>"; };
		379270631FE0E6730033965D /* CCStatusBarController.m */ = {isa = PBXFileReference; lastKnownFileType = sourcecode.c.objc; path = CCStatusBarController.m; sourceTree = "<group>"; };
		379270661FE10EB50033965D /* CCAudioOperator.h */ = {isa = PBXFileReference; lastKnownFileType = sourcecode.c.h; path = CCAudioOperator.h; sourceTree = "<group>"; };
		379270671FE10EB50033965D /* CCAudioOperator.m */ = {isa = PBXFileReference; lastKnownFileType = sourcecode.c.objc; path = CCAudioOperator.m; sourceTree = "<group>"; };
		37E4D8721FDE231300DFA952 /* CCLabel.h */ = {isa = PBXFileReference; lastKnownFileType = sourcecode.c.h; path = CCLabel.h; sourceTree = "<group>"; };
		37E4D8731FDE231300DFA952 /* CCLabel.m */ = {isa = PBXFileReference; lastKnownFileType = sourcecode.c.objc; path = CCLabel.m; sourceTree = "<group>"; };
/* End PBXFileReference section */

/* Begin PBXFrameworksBuildPhase section */
		377DF8211FD7A4E20054C240 /* Frameworks */ = {
			isa = PBXFrameworksBuildPhase;
			buildActionMask = 2147483647;
			files = (
			);
			runOnlyForDeploymentPostprocessing = 0;
		};
/* End PBXFrameworksBuildPhase section */

/* Begin PBXGroup section */
		373C4C451FDF8789006DDF5F /* Tools */ = {
			isa = PBXGroup;
			children = (
				379270531FE0C5ED0033965D /* Audio */,
				373C4C461FDF87A1006DDF5F /* StringsHelper */,
			);
			path = Tools;
			sourceTree = "<group>";
		};
		373C4C461FDF87A1006DDF5F /* StringsHelper */ = {
			isa = PBXGroup;
			children = (
				373C4C471FDF87A1006DDF5F /* CCLocalizedHelper.m */,
				373C4C481FDF87A1006DDF5F /* CCLocalizedHelper.h */,
			);
			path = StringsHelper;
			sourceTree = "<group>";
		};
		377DF81B1FD7A4E20054C240 = {
			isa = PBXGroup;
			children = (
				377DF8261FD7A4E20054C240 /* Rainville-mac */,
				377DF8251FD7A4E20054C240 /* Products */,
			);
			sourceTree = "<group>";
		};
		377DF8251FD7A4E20054C240 /* Products */ = {
			isa = PBXGroup;
			children = (
				377DF8241FD7A4E20054C240 /* Rainville-mac.app */,
			);
			name = Products;
			sourceTree = "<group>";
		};
		377DF8261FD7A4E20054C240 /* Rainville-mac */ = {
			isa = PBXGroup;
			children = (
				377DF8611FD8330A0054C240 /* Classes */,
				377DF82A1FD7A4E20054C240 /* Assets.xcassets */,
				377DF82F1FD7A4E20054C240 /* Info.plist */,
				377DF8301FD7A4E20054C240 /* main.m */,
				377DF8321FD7A4E20054C240 /* Rainville_mac.entitlements */,
			);
			path = "Rainville-mac";
			sourceTree = "<group>";
		};
		377DF8611FD8330A0054C240 /* Classes */ = {
			isa = PBXGroup;
			children = (
				373C4C451FDF8789006DDF5F /* Tools */,
				37E4D8701FDE230500DFA952 /* Custom */,
				377DF8621FD8330A0054C240 /* Resources */,
				377DF8801FD8330A0054C240 /* AppDelegate */,
				377DF8831FD8330A0054C240 /* Modules */,
				377DF88A1FD8330A0054C240 /* Base */,
			);
			path = Classes;
			sourceTree = "<group>";
		};
		377DF8621FD8330A0054C240 /* Resources */ = {
			isa = PBXGroup;
			children = (
				377DF8631FD8330A0054C240 /* Strings */,
				377DF86E1FD8330A0054C240 /* Icons */,
				377DF8731FD8330A0054C240 /* Musket */,
				377DF8751FD8330A0054C240 /* RAW */,
			);
			path = Resources;
			sourceTree = "<group>";
		};
		377DF8631FD8330A0054C240 /* Strings */ = {
			isa = PBXGroup;
			children = (
				377DF8641FD8330A0054C240 /* Localizable.strings */,
				377DF8661FD8330A0054C240 /* InfoPlist.strings */,
				377DF8681FD8330A0054C240 /* ArrayItem_EN.plist */,
				377DF86B1FD8330A0054C240 /* ArrayItem_CH.plist */,
			);
			path = Strings;
			sourceTree = "<group>";
		};
		377DF86E1FD8330A0054C240 /* Icons */ = {
			isa = PBXGroup;
			children = (
				377DF86F1FD8330A0054C240 /* ic_launcher_144.png */,
				377DF8701FD8330A0054C240 /* Default-568h@2x.png */,
				377DF8711FD8330A0054C240 /* elegant.ttf */,
				377DF8721FD8330A0054C240 /* weather.otf */,
			);
			path = Icons;
			sourceTree = "<group>";
		};
		377DF8731FD8330A0054C240 /* Musket */ = {
			isa = PBXGroup;
			children = (
				377DF8741FD8330A0054C240 /* Musket regular.otf */,
			);
			path = Musket;
			sourceTree = "<group>";
		};
		377DF8751FD8330A0054C240 /* RAW */ = {
			isa = PBXGroup;
			children = (
				377DF8761FD8330A0054C240 /* _9.wav */,
				377DF8771FD8330A0054C240 /* _8.wav */,
				377DF8781FD8330A0054C240 /* _0.wav */,
				377DF8791FD8330A0054C240 /* _1.wav */,
				377DF87A1FD8330A0054C240 /* _3.wav */,
				377DF87B1FD8330A0054C240 /* _2.wav */,
				377DF87C1FD8330A0054C240 /* _6.wav */,
				377DF87D1FD8330A0054C240 /* _7.wav */,
				377DF87E1FD8330A0054C240 /* _5.wav */,
				377DF87F1FD8330A0054C240 /* _4.wav */,
			);
			path = RAW;
			sourceTree = "<group>";
		};
		377DF8801FD8330A0054C240 /* AppDelegate */ = {
			isa = PBXGroup;
			children = (
				377DF8811FD8330A0054C240 /* CCAppDelegate.h */,
				377DF8821FD8330A0054C240 /* CCAppDelegate.m */,
			);
			path = AppDelegate;
			sourceTree = "<group>";
		};
		377DF8831FD8330A0054C240 /* Modules */ = {
			isa = PBXGroup;
			children = (
				3792705C1FE0E2290033965D /* StatusBar  */,
				377DF8841FD8330A0054C240 /* Main */,
			);
			path = Modules;
			sourceTree = "<group>";
		};
		377DF8841FD8330A0054C240 /* Main */ = {
			isa = PBXGroup;
			children = (
				377DF8851FD8330A0054C240 /* CCViews */,
				377DF8861FD8330A0054C240 /* CCController */,
			);
			path = Main;
			sourceTree = "<group>";
		};
		377DF8851FD8330A0054C240 /* CCViews */ = {
			isa = PBXGroup;
			children = (
			);
			path = CCViews;
			sourceTree = "<group>";
		};
		377DF8861FD8330A0054C240 /* CCController */ = {
			isa = PBXGroup;
			children = (
				373C4C551FDFC40B006DDF5F /* CCMainController.h */,
				373C4C561FDFC40B006DDF5F /* CCMainController.m */,
			);
			path = CCController;
			sourceTree = "<group>";
		};
		377DF88A1FD8330A0054C240 /* Base */ = {
			isa = PBXGroup;
			children = (
				377DF88B1FD8330A0054C240 /* CCView */,
				377DF88E1FD8330A0054C240 /* CCController */,
			);
			path = Base;
			sourceTree = "<group>";
		};
		377DF88B1FD8330A0054C240 /* CCView */ = {
			isa = PBXGroup;
			children = (
				377DF88C1FD8330A0054C240 /* CCBaseView.m */,
				377DF88D1FD8330A0054C240 /* CCBaseView.h */,
			);
			path = CCView;
			sourceTree = "<group>";
		};
		377DF88E1FD8330A0054C240 /* CCController */ = {
			isa = PBXGroup;
			children = (
				377DF88F1FD8330A0054C240 /* CCBaseViewController.m */,
				377DF8901FD8330A0054C240 /* CCBaseViewController.h */,
			);
			path = CCController;
			sourceTree = "<group>";
		};
		379270531FE0C5ED0033965D /* Audio */ = {
			isa = PBXGroup;
			children = (
				379270541FE0C5ED0033965D /* Handler */,
				379270551FE0C5ED0033965D /* Preset */,
			);
			path = Audio;
			sourceTree = "<group>";
		};
		379270541FE0C5ED0033965D /* Handler */ = {
			isa = PBXGroup;
			children = (
				379270591FE0C6010033965D /* CCAudioHandler.h */,
				3792705A1FE0C6010033965D /* CCAudioHandler.m */,
			);
			path = Handler;
			sourceTree = "<group>";
		};
		379270551FE0C5ED0033965D /* Preset */ = {
			isa = PBXGroup;
			children = (
				379270561FE0C5ED0033965D /* CCAudioPreset.h */,
				379270571FE0C5ED0033965D /* CCAudioPreset.m */,
			);
			path = Preset;
			sourceTree = "<group>";
		};
		3792705C1FE0E2290033965D /* StatusBar  */ = {
			isa = PBXGroup;
			children = (
				379270651FE10EA80033965D /* Operator */,
				379270611FE0E6610033965D /* CCController */,
				3792705D1FE0E23E0033965D /* Packager */,
			);
			path = "StatusBar ";
			sourceTree = "<group>";
		};
		3792705D1FE0E23E0033965D /* Packager */ = {
			isa = PBXGroup;
			children = (
				3792705E1FE0E24C0033965D /* CCStatusBarPackager.h */,
				3792705F1FE0E24C0033965D /* CCStatusBarPackager.m */,
			);
			path = Packager;
			sourceTree = "<group>";
		};
		379270611FE0E6610033965D /* CCController */ = {
			isa = PBXGroup;
			children = (
				379270621FE0E6730033965D /* CCStatusBarController.h */,
				379270631FE0E6730033965D /* CCStatusBarController.m */,
			);
			path = CCController;
			sourceTree = "<group>";
		};
		379270651FE10EA80033965D /* Operator */ = {
			isa = PBXGroup;
			children = (
				379270661FE10EB50033965D /* CCAudioOperator.h */,
				379270671FE10EB50033965D /* CCAudioOperator.m */,
			);
			path = Operator;
			sourceTree = "<group>";
		};
		37E4D8701FDE230500DFA952 /* Custom */ = {
			isa = PBXGroup;
			children = (
				37E4D8711FDE230500DFA952 /* CCLabel */,
			);
			path = Custom;
			sourceTree = "<group>";
		};
		37E4D8711FDE230500DFA952 /* CCLabel */ = {
			isa = PBXGroup;
			children = (
				37E4D8721FDE231300DFA952 /* CCLabel.h */,
				37E4D8731FDE231300DFA952 /* CCLabel.m */,
			);
			path = CCLabel;
			sourceTree = "<group>";
		};
/* End PBXGroup section */

/* Begin PBXNativeTarget section */
		377DF8231FD7A4E20054C240 /* Rainville-mac */ = {
			isa = PBXNativeTarget;
			buildConfigurationList = 377DF8351FD7A4E20054C240 /* Build configuration list for PBXNativeTarget "Rainville-mac" */;
			buildPhases = (
				377DF8201FD7A4E20054C240 /* Sources */,
				377DF8211FD7A4E20054C240 /* Frameworks */,
				377DF8221FD7A4E20054C240 /* Resources */,
			);
			buildRules = (
			);
			dependencies = (
			);
			name = "Rainville-mac";
			productName = "Rainville-mac";
			productReference = 377DF8241FD7A4E20054C240 /* Rainville-mac.app */;
			productType = "com.apple.product-type.application";
		};
/* End PBXNativeTarget section */

/* Begin PBXProject section */
		377DF81C1FD7A4E20054C240 /* Project object */ = {
			isa = PBXProject;
			attributes = {
				CLASSPREFIX = CC;
				LastUpgradeCheck = 0920;
				ORGANIZATIONNAME = "冯明庆";
				TargetAttributes = {
					377DF8231FD7A4E20054C240 = {
						CreatedOnToolsVersion = 9.2;
						ProvisioningStyle = Automatic;
					};
				};
			};
			buildConfigurationList = 377DF81F1FD7A4E20054C240 /* Build configuration list for PBXProject "Rainville-mac" */;
			compatibilityVersion = "Xcode 8.0";
			developmentRegion = en;
			hasScannedForEncodings = 0;
			knownRegions = (
				en,
				Base,
				"zh-Hans",
			);
			mainGroup = 377DF81B1FD7A4E20054C240;
			productRefGroup = 377DF8251FD7A4E20054C240 /* Products */;
			projectDirPath = "";
			projectRoot = "";
			targets = (
				377DF8231FD7A4E20054C240 /* Rainville-mac */,
			);
		};
/* End PBXProject section */

/* Begin PBXResourcesBuildPhase section */
		377DF8221FD7A4E20054C240 /* Resources */ = {
			isa = PBXResourcesBuildPhase;
			buildActionMask = 2147483647;
			files = (
				377DF8A11FD8330A0054C240 /* _7.wav in Resources */,
				377DF89D1FD8330A0054C240 /* _1.wav in Resources */,
				377DF8A01FD8330A0054C240 /* _6.wav in Resources */,
				377DF89B1FD8330A0054C240 /* _8.wav in Resources */,
				377DF82B1FD7A4E20054C240 /* Assets.xcassets in Resources */,
				377DF8991FD8330A0054C240 /* Musket regular.otf in Resources */,
				377DF89E1FD8330A0054C240 /* _3.wav in Resources */,
				377DF8921FD8330A0054C240 /* InfoPlist.strings in Resources */,
				377DF8971FD8330A0054C240 /* elegant.ttf in Resources */,
				377DF8941FD8330A0054C240 /* ArrayItem_CH.plist in Resources */,
				377DF8A21FD8330A0054C240 /* _5.wav in Resources */,
				377DF8911FD8330A0054C240 /* Localizable.strings in Resources */,
				377DF8961FD8330A0054C240 /* Default-568h@2x.png in Resources */,
				377DF89C1FD8330A0054C240 /* _0.wav in Resources */,
				377DF8931FD8330A0054C240 /* ArrayItem_EN.plist in Resources */,
				377DF8981FD8330A0054C240 /* weather.otf in Resources */,
				377DF89F1FD8330A0054C240 /* _2.wav in Resources */,
				377DF8A31FD8330A0054C240 /* _4.wav in Resources */,
				377DF89A1FD8330A0054C240 /* _9.wav in Resources */,
				377DF8951FD8330A0054C240 /* ic_launcher_144.png in Resources */,
			);
			runOnlyForDeploymentPostprocessing = 0;
		};
/* End PBXResourcesBuildPhase section */

/* Begin PBXSourcesBuildPhase section */
		377DF8201FD7A4E20054C240 /* Sources */ = {
			isa = PBXSourcesBuildPhase;
			buildActionMask = 2147483647;
			files = (
				379270681FE10EB50033965D /* CCAudioOperator.m in Sources */,
				3792705B1FE0C6010033965D /* CCAudioHandler.m in Sources */,
				379270601FE0E24C0033965D /* CCStatusBarPackager.m in Sources */,
				37E4D8741FDE231300DFA952 /* CCLabel.m in Sources */,
				377DF8A81FD8330A0054C240 /* CCBaseViewController.m in Sources */,
				377DF8A41FD8330A0054C240 /* CCAppDelegate.m in Sources */,
				373C4C571FDFC40B006DDF5F /* CCMainController.m in Sources */,
				373C4C491FDF87A1006DDF5F /* CCLocalizedHelper.m in Sources */,
				379270641FE0E6730033965D /* CCStatusBarController.m in Sources */,
				379270581FE0C5ED0033965D /* CCAudioPreset.m in Sources */,
				377DF8311FD7A4E20054C240 /* main.m in Sources */,
				377DF8A71FD8330A0054C240 /* CCBaseView.m in Sources */,
			);
			runOnlyForDeploymentPostprocessing = 0;
		};
/* End PBXSourcesBuildPhase section */

/* Begin PBXVariantGroup section */
		377DF8641FD8330A0054C240 /* Localizable.strings */ = {
			isa = PBXVariantGroup;
			children = (
				377DF8651FD8330A0054C240 /* zh-Hans */,
				377DF8691FD8330A0054C240 /* en */,
				377DF86C1FD8330A0054C240 /* Base */,
			);
			name = Localizable.strings;
			sourceTree = "<group>";
		};
		377DF8661FD8330A0054C240 /* InfoPlist.strings */ = {
			isa = PBXVariantGroup;
			children = (
				377DF8671FD8330A0054C240 /* zh-Hans */,
				377DF86A1FD8330A0054C240 /* en */,
				377DF86D1FD8330A0054C240 /* Base */,
			);
			name = InfoPlist.strings;
			sourceTree = "<group>";
		};
/* End PBXVariantGroup section */

/* Begin XCBuildConfiguration section */
		377DF8331FD7A4E20054C240 /* Debug */ = {
			isa = XCBuildConfiguration;
			buildSettings = {
				ALWAYS_SEARCH_USER_PATHS = NO;
				CLANG_ANALYZER_NONNULL = YES;
				CLANG_ANALYZER_NUMBER_OBJECT_CONVERSION = YES_AGGRESSIVE;
				CLANG_CXX_LANGUAGE_STANDARD = "gnu++14";
				CLANG_CXX_LIBRARY = "libc++";
				CLANG_ENABLE_MODULES = YES;
				CLANG_ENABLE_OBJC_ARC = YES;
				CLANG_WARN_BLOCK_CAPTURE_AUTORELEASING = YES;
				CLANG_WARN_BOOL_CONVERSION = YES;
				CLANG_WARN_COMMA = YES;
				CLANG_WARN_CONSTANT_CONVERSION = YES;
				CLANG_WARN_DIRECT_OBJC_ISA_USAGE = YES_ERROR;
				CLANG_WARN_DOCUMENTATION_COMMENTS = YES;
				CLANG_WARN_EMPTY_BODY = YES;
				CLANG_WARN_ENUM_CONVERSION = YES;
				CLANG_WARN_INFINITE_RECURSION = YES;
				CLANG_WARN_INT_CONVERSION = YES;
				CLANG_WARN_NON_LITERAL_NULL_CONVERSION = YES;
				CLANG_WARN_OBJC_LITERAL_CONVERSION = YES;
				CLANG_WARN_OBJC_ROOT_CLASS = YES_ERROR;
				CLANG_WARN_RANGE_LOOP_ANALYSIS = YES;
				CLANG_WARN_STRICT_PROTOTYPES = YES;
				CLANG_WARN_SUSPICIOUS_MOVE = YES;
				CLANG_WARN_UNGUARDED_AVAILABILITY = YES_AGGRESSIVE;
				CLANG_WARN_UNREACHABLE_CODE = YES;
				CLANG_WARN__DUPLICATE_METHOD_MATCH = YES;
				CODE_SIGN_IDENTITY = "Mac Developer";
				COPY_PHASE_STRIP = NO;
				DEBUG_INFORMATION_FORMAT = dwarf;
				ENABLE_STRICT_OBJC_MSGSEND = YES;
				ENABLE_TESTABILITY = YES;
				GCC_C_LANGUAGE_STANDARD = gnu11;
				GCC_DYNAMIC_NO_PIC = NO;
				GCC_NO_COMMON_BLOCKS = YES;
				GCC_OPTIMIZATION_LEVEL = 0;
				GCC_PREPROCESSOR_DEFINITIONS = (
					"DEBUG=1",
					"$(inherited)",
				);
				GCC_WARN_64_TO_32_BIT_CONVERSION = YES;
				GCC_WARN_ABOUT_RETURN_TYPE = YES_ERROR;
				GCC_WARN_UNDECLARED_SELECTOR = YES;
				GCC_WARN_UNINITIALIZED_AUTOS = YES_AGGRESSIVE;
				GCC_WARN_UNUSED_FUNCTION = YES;
				GCC_WARN_UNUSED_VARIABLE = YES;
				MACOSX_DEPLOYMENT_TARGET = 10.12;
				MTL_ENABLE_DEBUG_INFO = YES;
				ONLY_ACTIVE_ARCH = YES;
				SDKROOT = macosx;
			};
			name = Debug;
		};
		377DF8341FD7A4E20054C240 /* Release */ = {
			isa = XCBuildConfiguration;
			buildSettings = {
				ALWAYS_SEARCH_USER_PATHS = NO;
				CLANG_ANALYZER_NONNULL = YES;
				CLANG_ANALYZER_NUMBER_OBJECT_CONVERSION = YES_AGGRESSIVE;
				CLANG_CXX_LANGUAGE_STANDARD = "gnu++14";
				CLANG_CXX_LIBRARY = "libc++";
				CLANG_ENABLE_MODULES = YES;
				CLANG_ENABLE_OBJC_ARC = YES;
				CLANG_WARN_BLOCK_CAPTURE_AUTORELEASING = YES;
				CLANG_WARN_BOOL_CONVERSION = YES;
				CLANG_WARN_COMMA = YES;
				CLANG_WARN_CONSTANT_CONVERSION = YES;
				CLANG_WARN_DIRECT_OBJC_ISA_USAGE = YES_ERROR;
				CLANG_WARN_DOCUMENTATION_COMMENTS = YES;
				CLANG_WARN_EMPTY_BODY = YES;
				CLANG_WARN_ENUM_CONVERSION = YES;
				CLANG_WARN_INFINITE_RECURSION = YES;
				CLANG_WARN_INT_CONVERSION = YES;
				CLANG_WARN_NON_LITERAL_NULL_CONVERSION = YES;
				CLANG_WARN_OBJC_LITERAL_CONVERSION = YES;
				CLANG_WARN_OBJC_ROOT_CLASS = YES_ERROR;
				CLANG_WARN_RANGE_LOOP_ANALYSIS = YES;
				CLANG_WARN_STRICT_PROTOTYPES = YES;
				CLANG_WARN_SUSPICIOUS_MOVE = YES;
				CLANG_WARN_UNGUARDED_AVAILABILITY = YES_AGGRESSIVE;
				CLANG_WARN_UNREACHABLE_CODE = YES;
				CLANG_WARN__DUPLICATE_METHOD_MATCH = YES;
				CODE_SIGN_IDENTITY = "Mac Developer";
				COPY_PHASE_STRIP = NO;
				DEBUG_INFORMATION_FORMAT = "dwarf-with-dsym";
				ENABLE_NS_ASSERTIONS = NO;
				ENABLE_STRICT_OBJC_MSGSEND = YES;
				GCC_C_LANGUAGE_STANDARD = gnu11;
				GCC_NO_COMMON_BLOCKS = YES;
				GCC_WARN_64_TO_32_BIT_CONVERSION = YES;
				GCC_WARN_ABOUT_RETURN_TYPE = YES_ERROR;
				GCC_WARN_UNDECLARED_SELECTOR = YES;
				GCC_WARN_UNINITIALIZED_AUTOS = YES_AGGRESSIVE;
				GCC_WARN_UNUSED_FUNCTION = YES;
				GCC_WARN_UNUSED_VARIABLE = YES;
				MACOSX_DEPLOYMENT_TARGET = 10.12;
				MTL_ENABLE_DEBUG_INFO = NO;
				SDKROOT = macosx;
			};
			name = Release;
		};
		377DF8361FD7A4E20054C240 /* Debug */ = {
			isa = XCBuildConfiguration;
			buildSettings = {
				ASSETCATALOG_COMPILER_APPICON_NAME = AppIcon;
				CODE_SIGN_ENTITLEMENTS = "Rainville-mac/Rainville_mac.entitlements";
				CODE_SIGN_STYLE = Automatic;
				COMBINE_HIDPI_IMAGES = YES;
				DEVELOPMENT_TEAM = Y6QZNMQWRN;
				INFOPLIST_FILE = "Rainville-mac/Info.plist";
				LD_RUNPATH_SEARCH_PATHS = "$(inherited) @executable_path/../Frameworks";
				PRODUCT_BUNDLE_IDENTIFIER = "love.cc.love.home.Rainville-mac";
				PRODUCT_NAME = "$(TARGET_NAME)";
			};
			name = Debug;
		};
		377DF8371FD7A4E20054C240 /* Release */ = {
			isa = XCBuildConfiguration;
			buildSettings = {
				ASSETCATALOG_COMPILER_APPICON_NAME = AppIcon;
				CODE_SIGN_ENTITLEMENTS = "Rainville-mac/Rainville_mac.entitlements";
				CODE_SIGN_STYLE = Automatic;
				COMBINE_HIDPI_IMAGES = YES;
				DEVELOPMENT_TEAM = Y6QZNMQWRN;
				INFOPLIST_FILE = "Rainville-mac/Info.plist";
				LD_RUNPATH_SEARCH_PATHS = "$(inherited) @executable_path/../Frameworks";
				PRODUCT_BUNDLE_IDENTIFIER = "love.cc.love.home.Rainville-mac";
				PRODUCT_NAME = "$(TARGET_NAME)";
			};
			name = Release;
		};
/* End XCBuildConfiguration section */

/* Begin XCConfigurationList section */
		377DF81F1FD7A4E20054C240 /* Build configuration list for PBXProject "Rainville-mac" */ = {
			isa = XCConfigurationList;
			buildConfigurations = (
				377DF8331FD7A4E20054C240 /* Debug */,
				377DF8341FD7A4E20054C240 /* Release */,
			);
			defaultConfigurationIsVisible = 0;
			defaultConfigurationName = Release;
		};
		377DF8351FD7A4E20054C240 /* Build configuration list for PBXNativeTarget "Rainville-mac" */ = {
			isa = XCConfigurationList;
			buildConfigurations = (
				377DF8361FD7A4E20054C240 /* Debug */,
				377DF8371FD7A4E20054C240 /* Release */,
			);
			defaultConfigurationIsVisible = 0;
			defaultConfigurationName = Release;
		};
/* End XCConfigurationList section */
	};
	rootObject = 377DF81C1FD7A4E20054C240 /* Project object */;
}
